
Microsoft Visual Studio Solution File, Format Version 12.00
# Visual Studio Version 16
VisualStudioVersion = 16.0.28922.388
MinimumVisualStudioVersion = 10.0.40219.1
Project("{FAE04EC0-301F-11D3-BF4B-00C04F79EFBC}") = "WebAdvert.Web", "WebAdvert.Web.csproj", "{885C143A-4C19-4D1F-849D-B50AA001663F}"
EndProject
Global
	GlobalSection(SolutionConfigurationPlatforms) = preSolution
		Debug|Any CPU = Debug|Any CPU
		Release|Any CPU = Release|Any CPU
	EndGlobalSection
	GlobalSection(ProjectConfigurationPlatforms) = postSolution
		{885C143A-4C19-4D1F-849D-B50AA001663F}.Debug|Any CPU.ActiveCfg = Debug|Any CPU
		{885C143A-4C19-4D1F-849D-B50AA001663F}.Debug|Any CPU.Build.0 = Debug|Any CPU
		{885C143A-4C19-4D1F-849D-B50AA001663F}.Release|Any CPU.ActiveCfg = Release|Any CPU
		{885C143A-4C19-4D1F-849D-B50AA001663F}.Release|Any CPU.Build.0 = Release|Any CPU
	EndGlobalSection
	GlobalSection(SolutionProperties) = preSolution
		HideSolutionNode = FALSE
	EndGlobalSection
	GlobalSection(ExtensibilityGlobals) = postSolution
		SolutionGuid = {91899F67-4FB9-4C80-B890-83162E9E6991}
	EndGlobalSection
EndGlobal
